
Microsoft Visual Studio Solution File, Format Version 12.00
# Visual Studio Version 17
VisualStudioVersion = 17.4.33205.214
MinimumVisualStudioVersion = 10.0.40219.1
Project("{9A19103F-16F7-4668-BE54-9A1E7A4F7556}") = "QuizAPI", "QuizAPI\QuizAPI.csproj", "{5E6ECCE6-5209-4E92-8233-EC33F8D02517}"
EndProject
Project("{FAE04EC0-301F-11D3-BF4B-00C04F79EFBC}") = "QuizEntities", "QuizEntities\QuizEntities.csproj", "{0B8AF4E1-CF46-43A3-AF9E-65B7DAFB0CB1}"
EndProject
Project("{FAE04EC0-301F-11D3-BF4B-00C04F79EFBC}") = "QuizDataAccess", "QuizDataAccess\QuizDataAccess.csproj", "{221E9C2E-B60B-4AD3-964D-10C496EE233C}"
EndProject
Project("{FAE04EC0-301F-11D3-BF4B-00C04F79EFBC}") = "QuizBusiness", "QuizBusiness\QuizBusiness.csproj", "{2DB4A39B-EA17-470D-83EC-D2BC079F6EF5}"
EndProject
Global
	GlobalSection(SolutionConfigurationPlatforms) = preSolution
		Debug|Any CPU = Debug|Any CPU
		Release|Any CPU = Release|Any CPU
	EndGlobalSection
	GlobalSection(ProjectConfigurationPlatforms) = postSolution
		{5E6ECCE6-5209-4E92-8233-EC33F8D02517}.Debug|Any CPU.ActiveCfg = Debug|Any CPU
		{5E6ECCE6-5209-4E92-8233-EC33F8D02517}.Debug|Any CPU.Build.0 = Debug|Any CPU
		{5E6ECCE6-5209-4E92-8233-EC33F8D02517}.Release|Any CPU.ActiveCfg = Release|Any CPU
		{5E6ECCE6-5209-4E92-8233-EC33F8D02517}.Release|Any CPU.Build.0 = Release|Any CPU
		{0B8AF4E1-CF46-43A3-AF9E-65B7DAFB0CB1}.Debug|Any CPU.ActiveCfg = Debug|Any CPU
		{0B8AF4E1-CF46-43A3-AF9E-65B7DAFB0CB1}.Debug|Any CPU.Build.0 = Debug|Any CPU
		{0B8AF4E1-CF46-43A3-AF9E-65B7DAFB0CB1}.Release|Any CPU.ActiveCfg = Release|Any CPU
		{0B8AF4E1-CF46-43A3-AF9E-65B7DAFB0CB1}.Release|Any CPU.Build.0 = Release|Any CPU
		{221E9C2E-B60B-4AD3-964D-10C496EE233C}.Debug|Any CPU.ActiveCfg = Debug|Any CPU
		{221E9C2E-B60B-4AD3-964D-10C496EE233C}.Debug|Any CPU.Build.0 = Debug|Any CPU
		{221E9C2E-B60B-4AD3-964D-10C496EE233C}.Release|Any CPU.ActiveCfg = Release|Any CPU
		{221E9C2E-B60B-4AD3-964D-10C496EE233C}.Release|Any CPU.Build.0 = Release|Any CPU
		{2DB4A39B-EA17-470D-83EC-D2BC079F6EF5}.Debug|Any CPU.ActiveCfg = Debug|Any CPU
		{2DB4A39B-EA17-470D-83EC-D2BC079F6EF5}.Debug|Any CPU.Build.0 = Debug|Any CPU
		{2DB4A39B-EA17-470D-83EC-D2BC079F6EF5}.Release|Any CPU.ActiveCfg = Release|Any CPU
		{2DB4A39B-EA17-470D-83EC-D2BC079F6EF5}.Release|Any CPU.Build.0 = Release|Any CPU
	EndGlobalSection
	GlobalSection(SolutionProperties) = preSolution
		HideSolutionNode = FALSE
	EndGlobalSection
	GlobalSection(ExtensibilityGlobals) = postSolution
		SolutionGuid = {B1C60AD4-7AED-47BD-9F7C-6D03E84A9940}
	EndGlobalSection
EndGlobal
